// !$*UTF8*$!
{
	archiveVersion = 1;
	classes = {
	};
	objectVersion = 48;
	objects = {

/* Begin PBXBuildFile section */
		4E7E9ACE35680CE1BAFDEEC5 /* Pods_github_lite.framework in Frameworks */ = {isa = PBXBuildFile; fileRef = 4177C6F54DABFBB81CC4E387 /* Pods_github_lite.framework */; };
		9E8C1BAA1FBE8EC500B11256 /* URL+QueryParams.swift in Sources */ = {isa = PBXBuildFile; fileRef = 9E8C1BA91FBE8EC500B11256 /* URL+QueryParams.swift */; };
		9E8C1BAC1FBE907E00B11256 /* UserProfileViewController.swift in Sources */ = {isa = PBXBuildFile; fileRef = 9E8C1BAB1FBE907E00B11256 /* UserProfileViewController.swift */; };
		9EC27A2F1FBDD9E400BFAFEE /* GitHubManager.swift in Sources */ = {isa = PBXBuildFile; fileRef = 9EC27A2E1FBDD9E400BFAFEE /* GitHubManager.swift */; };
		9EC27A311FBDD9FA00BFAFEE /* GitHubAppManager.swift in Sources */ = {isa = PBXBuildFile; fileRef = 9EC27A301FBDD9FA00BFAFEE /* GitHubAppManager.swift */; };
		9EC27A331FBDDC5E00BFAFEE /* GitHubAuthenicationViewController.swift in Sources */ = {isa = PBXBuildFile; fileRef = 9EC27A321FBDDC5E00BFAFEE /* GitHubAuthenicationViewController.swift */; };
		9EC27A361FBDFBF300BFAFEE /* API.swift in Sources */ = {isa = PBXBuildFile; fileRef = 9EC27A351FBDFBF200BFAFEE /* API.swift */; };
		9EC874BE1FBDD455007C4D13 /* AppDelegate.swift in Sources */ = {isa = PBXBuildFile; fileRef = 9EC874BD1FBDD455007C4D13 /* AppDelegate.swift */; };
		9EC874C31FBDD455007C4D13 /* Main.storyboard in Resources */ = {isa = PBXBuildFile; fileRef = 9EC874C11FBDD455007C4D13 /* Main.storyboard */; };
		9EC874C51FBDD455007C4D13 /* Assets.xcassets in Resources */ = {isa = PBXBuildFile; fileRef = 9EC874C41FBDD455007C4D13 /* Assets.xcassets */; };
		9EC874C81FBDD455007C4D13 /* LaunchScreen.storyboard in Resources */ = {isa = PBXBuildFile; fileRef = 9EC874C61FBDD455007C4D13 /* LaunchScreen.storyboard */; };
		9ED217BD1FECBF5D00FCD849 /* ViewController.swift in Sources */ = {isa = PBXBuildFile; fileRef = 9ED217BC1FECBF5D00FCD849 /* ViewController.swift */; };
		9EE501641FBEB2F00065B254 /* schema.json in Resources */ = {isa = PBXBuildFile; fileRef = 9EE501631FBEB2EF0065B254 /* schema.json */; };
		9EE501681FBEB3DA0065B254 /* UserProfileViewController.graphql in Resources */ = {isa = PBXBuildFile; fileRef = 9EE501671FBEB3DA0065B254 /* UserProfileViewController.graphql */; };
		9EE5016B1FBEB4700065B254 /* ApolloManager.swift in Sources */ = {isa = PBXBuildFile; fileRef = 9EE5016A1FBEB4700065B254 /* ApolloManager.swift */; };
		9EE5016D1FBEC36D0065B254 /* MainTabbarViewController.swift in Sources */ = {isa = PBXBuildFile; fileRef = 9EE5016C1FBEC36D0065B254 /* MainTabbarViewController.swift */; };
		9EE5016F1FBEC6FC0065B254 /* RepositoriesViewController.swift in Sources */ = {isa = PBXBuildFile; fileRef = 9EE5016E1FBEC6FC0065B254 /* RepositoriesViewController.swift */; };
		9EE501801FBEE4250065B254 /* RepositoriesViewController.graphql in Resources */ = {isa = PBXBuildFile; fileRef = 9EE5017F1FBEE4250065B254 /* RepositoriesViewController.graphql */; };
/* End PBXBuildFile section */

/* Begin PBXFileReference section */
		2597E2BF13DFA4B28733E91F /* Pods-github-lite.release.xcconfig */ = {isa = PBXFileReference; includeInIndex = 1; lastKnownFileType = text.xcconfig; name = "Pods-github-lite.release.xcconfig"; path = "Pods/Target Support Files/Pods-github-lite/Pods-github-lite.release.xcconfig"; sourceTree = "<group>"; };
		4177C6F54DABFBB81CC4E387 /* Pods_github_lite.framework */ = {isa = PBXFileReference; explicitFileType = wrapper.framework; includeInIndex = 0; path = Pods_github_lite.framework; sourceTree = BUILT_PRODUCTS_DIR; };
		9E8C1BA91FBE8EC500B11256 /* URL+QueryParams.swift */ = {isa = PBXFileReference; lastKnownFileType = sourcecode.swift; path = "URL+QueryParams.swift"; sourceTree = "<group>"; };
		9E8C1BAB1FBE907E00B11256 /* UserProfileViewController.swift */ = {isa = PBXFileReference; lastKnownFileType = sourcecode.swift; path = UserProfileViewController.swift; sourceTree = "<group>"; };
		9EC27A2E1FBDD9E400BFAFEE /* GitHubManager.swift */ = {isa = PBXFileReference; lastKnownFileType = sourcecode.swift; path = GitHubManager.swift; sourceTree = "<group>"; };
		9EC27A301FBDD9FA00BFAFEE /* GitHubAppManager.swift */ = {isa = PBXFileReference; lastKnownFileType = sourcecode.swift; path = GitHubAppManager.swift; sourceTree = "<group>"; };
		9EC27A321FBDDC5E00BFAFEE /* GitHubAuthenicationViewController.swift */ = {isa = PBXFileReference; lastKnownFileType = sourcecode.swift; path = GitHubAuthenicationViewController.swift; sourceTree = "<group>"; };
		9EC27A351FBDFBF200BFAFEE /* API.swift */ = {isa = PBXFileReference; fileEncoding = 4; lastKnownFileType = sourcecode.swift; path = API.swift; sourceTree = "<group>"; };
		9EC874BA1FBDD455007C4D13 /* github-lite.app */ = {isa = PBXFileReference; explicitFileType = wrapper.application; includeInIndex = 0; path = "github-lite.app"; sourceTree = BUILT_PRODUCTS_DIR; };
		9EC874BD1FBDD455007C4D13 /* AppDelegate.swift */ = {isa = PBXFileReference; lastKnownFileType = sourcecode.swift; path = AppDelegate.swift; sourceTree = "<group>"; };
		9EC874C21FBDD455007C4D13 /* Base */ = {isa = PBXFileReference; lastKnownFileType = file.storyboard; name = Base; path = Base.lproj/Main.storyboard; sourceTree = "<group>"; };
		9EC874C41FBDD455007C4D13 /* Assets.xcassets */ = {isa = PBXFileReference; lastKnownFileType = folder.assetcatalog; path = Assets.xcassets; sourceTree = "<group>"; };
		9EC874C71FBDD455007C4D13 /* Base */ = {isa = PBXFileReference; lastKnownFileType = file.storyboard; name = Base; path = Base.lproj/LaunchScreen.storyboard; sourceTree = "<group>"; };
		9EC874C91FBDD455007C4D13 /* Info.plist */ = {isa = PBXFileReference; lastKnownFileType = text.plist.xml; path = Info.plist; sourceTree = "<group>"; };
		9ED217BC1FECBF5D00FCD849 /* ViewController.swift */ = {isa = PBXFileReference; lastKnownFileType = sourcecode.swift; path = ViewController.swift; sourceTree = "<group>"; };
		9EE501631FBEB2EF0065B254 /* schema.json */ = {isa = PBXFileReference; fileEncoding = 4; lastKnownFileType = text.json; path = schema.json; sourceTree = SOURCE_ROOT; };
		9EE501671FBEB3DA0065B254 /* UserProfileViewController.graphql */ = {isa = PBXFileReference; lastKnownFileType = text; path = UserProfileViewController.graphql; sourceTree = "<group>"; };
		9EE5016A1FBEB4700065B254 /* ApolloManager.swift */ = {isa = PBXFileReference; lastKnownFileType = sourcecode.swift; path = ApolloManager.swift; sourceTree = "<group>"; };
		9EE5016C1FBEC36D0065B254 /* MainTabbarViewController.swift */ = {isa = PBXFileReference; lastKnownFileType = sourcecode.swift; path = MainTabbarViewController.swift; sourceTree = "<group>"; };
		9EE5016E1FBEC6FC0065B254 /* RepositoriesViewController.swift */ = {isa = PBXFileReference; lastKnownFileType = sourcecode.swift; path = RepositoriesViewController.swift; sourceTree = "<group>"; };
		9EE5017F1FBEE4250065B254 /* RepositoriesViewController.graphql */ = {isa = PBXFileReference; lastKnownFileType = text; path = RepositoriesViewController.graphql; sourceTree = "<group>"; };
		B35869D1FA1A019769EBD164 /* Pods-github-lite.debug.xcconfig */ = {isa = PBXFileReference; includeInIndex = 1; lastKnownFileType = text.xcconfig; name = "Pods-github-lite.debug.xcconfig"; path = "Pods/Target Support Files/Pods-github-lite/Pods-github-lite.debug.xcconfig"; sourceTree = "<group>"; };
/* End PBXFileReference section */

/* Begin PBXFrameworksBuildPhase section */
		9EC874B71FBDD455007C4D13 /* Frameworks */ = {
			isa = PBXFrameworksBuildPhase;
			buildActionMask = 2147483647;
			files = (
				4E7E9ACE35680CE1BAFDEEC5 /* Pods_github_lite.framework in Frameworks */,
			);
			runOnlyForDeploymentPostprocessing = 0;
		};
/* End PBXFrameworksBuildPhase section */

/* Begin PBXGroup section */
		05085A8E3E4A1E05105F8428 /* Pods */ = {
			isa = PBXGroup;
			children = (
				B35869D1FA1A019769EBD164 /* Pods-github-lite.debug.xcconfig */,
				2597E2BF13DFA4B28733E91F /* Pods-github-lite.release.xcconfig */,
			);
			name = Pods;
			sourceTree = "<group>";
		};
		9E8C1BA81FBE8EA500B11256 /* Extensions */ = {
			isa = PBXGroup;
			children = (
				9E8C1BA91FBE8EC500B11256 /* URL+QueryParams.swift */,
			);
			path = Extensions;
			sourceTree = "<group>";
		};
		9EC27A2C1FBDD62000BFAFEE /* ViewControllers */ = {
			isa = PBXGroup;
			children = (
				9EC27A321FBDDC5E00BFAFEE /* GitHubAuthenicationViewController.swift */,
				9EE501661FBEB3C10065B254 /* UserProfileViewController */,
				9EE5016C1FBEC36D0065B254 /* MainTabbarViewController.swift */,
				9EE5017E1FBEE4060065B254 /* RepositoryViewController */,
				9ED217BC1FECBF5D00FCD849 /* ViewController.swift */,
			);
			path = ViewControllers;
			sourceTree = "<group>";
		};
		9EC27A2D1FBDD9CE00BFAFEE /* GitHubManager */ = {
			isa = PBXGroup;
			children = (
				9EC27A2E1FBDD9E400BFAFEE /* GitHubManager.swift */,
				9EC27A301FBDD9FA00BFAFEE /* GitHubAppManager.swift */,
			);
			path = GitHubManager;
			sourceTree = "<group>";
		};
		9EC874B11FBDD455007C4D13 = {
			isa = PBXGroup;
			children = (
				9EC874BC1FBDD455007C4D13 /* github-lite */,
				9EC874BB1FBDD455007C4D13 /* Products */,
				05085A8E3E4A1E05105F8428 /* Pods */,
				CC1D8A9BFDE36ED5D3B0CAC7 /* Frameworks */,
			);
			sourceTree = "<group>";
		};
		9EC874BB1FBDD455007C4D13 /* Products */ = {
			isa = PBXGroup;
			children = (
				9EC874BA1FBDD455007C4D13 /* github-lite.app */,
			);
			name = Products;
			sourceTree = "<group>";
		};
		9EC874BC1FBDD455007C4D13 /* github-lite */ = {
			isa = PBXGroup;
			children = (
				9ED217BB1FECBC0200FCD849 /* ViewModels */,
				9EE501701FBEE2990065B254 /* Views */,
				9EE501691FBEB4630065B254 /* Apollo */,
				9EC27A2C1FBDD62000BFAFEE /* ViewControllers */,
				9E8C1BA81FBE8EA500B11256 /* Extensions */,
				9EC27A351FBDFBF200BFAFEE /* API.swift */,
				9EC27A2D1FBDD9CE00BFAFEE /* GitHubManager */,
				9EC874BD1FBDD455007C4D13 /* AppDelegate.swift */,
				9EC874C11FBDD455007C4D13 /* Main.storyboard */,
				9EC874C41FBDD455007C4D13 /* Assets.xcassets */,
				9EC874C61FBDD455007C4D13 /* LaunchScreen.storyboard */,
				9EC874C91FBDD455007C4D13 /* Info.plist */,
				9EE501631FBEB2EF0065B254 /* schema.json */,
			);
			path = "github-lite";
			sourceTree = "<group>";
		};
		9ED217BB1FECBC0200FCD849 /* ViewModels */ = {
			isa = PBXGroup;
			children = (
			);
			path = ViewModels;
			sourceTree = "<group>";
		};
		9EE501661FBEB3C10065B254 /* UserProfileViewController */ = {
			isa = PBXGroup;
			children = (
				9E8C1BAB1FBE907E00B11256 /* UserProfileViewController.swift */,
				9EE501671FBEB3DA0065B254 /* UserProfileViewController.graphql */,
			);
			path = UserProfileViewController;
			sourceTree = "<group>";
		};
		9EE501691FBEB4630065B254 /* Apollo */ = {
			isa = PBXGroup;
			children = (
				9EE5016A1FBEB4700065B254 /* ApolloManager.swift */,
			);
			path = Apollo;
			sourceTree = "<group>";
		};
		9EE501701FBEE2990065B254 /* Views */ = {
			isa = PBXGroup;
			children = (
				9EE501711FBEE29E0065B254 /* UITableViewCells */,
			);
			path = Views;
			sourceTree = "<group>";
		};
		9EE501711FBEE29E0065B254 /* UITableViewCells */ = {
			isa = PBXGroup;
			children = (
			);
			path = UITableViewCells;
			sourceTree = "<group>";
		};
		9EE5017E1FBEE4060065B254 /* RepositoryViewController */ = {
			isa = PBXGroup;
			children = (
				9EE5016E1FBEC6FC0065B254 /* RepositoriesViewController.swift */,
				9EE5017F1FBEE4250065B254 /* RepositoriesViewController.graphql */,
			);
			path = RepositoryViewController;
			sourceTree = "<group>";
		};
		CC1D8A9BFDE36ED5D3B0CAC7 /* Frameworks */ = {
			isa = PBXGroup;
			children = (
				4177C6F54DABFBB81CC4E387 /* Pods_github_lite.framework */,
			);
			name = Frameworks;
			sourceTree = "<group>";
		};
/* End PBXGroup section */

/* Begin PBXNativeTarget section */
		9EC874B91FBDD455007C4D13 /* github-lite */ = {
			isa = PBXNativeTarget;
			buildConfigurationList = 9EC874CC1FBDD455007C4D13 /* Build configuration list for PBXNativeTarget "github-lite" */;
			buildPhases = (
				30D4CFA6429461D995998374 /* [CP] Check Pods Manifest.lock */,
				9EC874B61FBDD455007C4D13 /* Sources */,
				9EC874B71FBDD455007C4D13 /* Frameworks */,
				9EC874B81FBDD455007C4D13 /* Resources */,
				C5198E1498087C4B9EB06186 /* [CP] Embed Pods Frameworks */,
				F8D31C85E6C5D8F10993D8E8 /* [CP] Copy Pods Resources */,
				9EC27A341FBDF91800BFAFEE /* Apollo */,
			);
			buildRules = (
			);
			dependencies = (
			);
			name = "github-lite";
			productName = "github-lite";
			productReference = 9EC874BA1FBDD455007C4D13 /* github-lite.app */;
			productType = "com.apple.product-type.application";
		};
/* End PBXNativeTarget section */

/* Begin PBXProject section */
		9EC874B21FBDD455007C4D13 /* Project object */ = {
			isa = PBXProject;
			attributes = {
				LastSwiftUpdateCheck = 0900;
				LastUpgradeCheck = 0900;
				ORGANIZATIONNAME = "Issarapong Poesua";
				TargetAttributes = {
					9EC874B91FBDD455007C4D13 = {
						CreatedOnToolsVersion = 9.0.1;
						ProvisioningStyle = Automatic;
					};
				};
			};
			buildConfigurationList = 9EC874B51FBDD455007C4D13 /* Build configuration list for PBXProject "github-lite" */;
			compatibilityVersion = "Xcode 8.0";
			developmentRegion = en;
			hasScannedForEncodings = 0;
			knownRegions = (
				en,
				Base,
			);
			mainGroup = 9EC874B11FBDD455007C4D13;
			productRefGroup = 9EC874BB1FBDD455007C4D13 /* Products */;
			projectDirPath = "";
			projectRoot = "";
			targets = (
				9EC874B91FBDD455007C4D13 /* github-lite */,
			);
		};
/* End PBXProject section */

/* Begin PBXResourcesBuildPhase section */
		9EC874B81FBDD455007C4D13 /* Resources */ = {
			isa = PBXResourcesBuildPhase;
			buildActionMask = 2147483647;
			files = (
				9EC874C81FBDD455007C4D13 /* LaunchScreen.storyboard in Resources */,
				9EE501641FBEB2F00065B254 /* schema.json in Resources */,
				9EC874C51FBDD455007C4D13 /* Assets.xcassets in Resources */,
				9EE501681FBEB3DA0065B254 /* UserProfileViewController.graphql in Resources */,
				9EE501801FBEE4250065B254 /* RepositoriesViewController.graphql in Resources */,
				9EC874C31FBDD455007C4D13 /* Main.storyboard in Resources */,
			);
			runOnlyForDeploymentPostprocessing = 0;
		};
/* End PBXResourcesBuildPhase section */

/* Begin PBXShellScriptBuildPhase section */
		30D4CFA6429461D995998374 /* [CP] Check Pods Manifest.lock */ = {
			isa = PBXShellScriptBuildPhase;
			buildActionMask = 2147483647;
			files = (
			);
			inputPaths = (
				"${PODS_PODFILE_DIR_PATH}/Podfile.lock",
				"${PODS_ROOT}/Manifest.lock",
			);
			name = "[CP] Check Pods Manifest.lock";
			outputPaths = (
				"$(DERIVED_FILE_DIR)/Pods-github-lite-checkManifestLockResult.txt",
			);
			runOnlyForDeploymentPostprocessing = 0;
			shellPath = /bin/sh;
			shellScript = "diff \"${PODS_PODFILE_DIR_PATH}/Podfile.lock\" \"${PODS_ROOT}/Manifest.lock\" > /dev/null\nif [ $? != 0 ] ; then\n    # print error to STDERR\n    echo \"error: The sandbox is not in sync with the Podfile.lock. Run 'pod install' or update your CocoaPods installation.\" >&2\n    exit 1\nfi\n# This output is used by Xcode 'outputs' to avoid re-running this script phase.\necho \"SUCCESS\" > \"${SCRIPT_OUTPUT_FILE_0}\"\n";
			showEnvVarsInLog = 0;
		};
		9EC27A341FBDF91800BFAFEE /* Apollo */ = {
			isa = PBXShellScriptBuildPhase;
			buildActionMask = 8;
			files = (
			);
			inputPaths = (
			);
			name = Apollo;
			outputPaths = (
			);
			runOnlyForDeploymentPostprocessing = 1;
			shellPath = /bin/sh;
			shellScript = "APOLLO_FRAMEWORK_PATH=\"$(eval find $FRAMEWORK_SEARCH_PATHS -name \"Apollo.framework\" -maxdepth 1)\"\n\nif [ -z \"$APOLLO_FRAMEWORK_PATH\" ]; then\necho \"error: Couldn't find Apollo.framework in FRAMEWORK_SEARCH_PATHS; make sure to add the framework to your project.\"\nexit 1\nfi\n\ncd \"${SRCROOT}/${TARGET_NAME}\"\n$APOLLO_FRAMEWORK_PATH/check-and-run-apollo-codegen.sh generate $(find . -name '*.graphql') --schema schema.json --output API.swift";
		};
		C5198E1498087C4B9EB06186 /* [CP] Embed Pods Frameworks */ = {
			isa = PBXShellScriptBuildPhase;
			buildActionMask = 2147483647;
			files = (
			);
			inputPaths = (
				"${SRCROOT}/Pods/Target Support Files/Pods-github-lite/Pods-github-lite-frameworks.sh",
				"${BUILT_PRODUCTS_DIR}/Alamofire/Alamofire.framework",
				"${BUILT_PRODUCTS_DIR}/AlamofireImage/AlamofireImage.framework",
				"${BUILT_PRODUCTS_DIR}/Apollo/Apollo.framework",
				"${BUILT_PRODUCTS_DIR}/SVProgressHUD/SVProgressHUD.framework",
				"${BUILT_PRODUCTS_DIR}/SwiftyJSON/SwiftyJSON.framework",
			);
			name = "[CP] Embed Pods Frameworks";
			outputPaths = (
				"${TARGET_BUILD_DIR}/${FRAMEWORKS_FOLDER_PATH}/Alamofire.framework",
				"${TARGET_BUILD_DIR}/${FRAMEWORKS_FOLDER_PATH}/AlamofireImage.framework",
				"${TARGET_BUILD_DIR}/${FRAMEWORKS_FOLDER_PATH}/Apollo.framework",
				"${TARGET_BUILD_DIR}/${FRAMEWORKS_FOLDER_PATH}/SVProgressHUD.framework",
				"${TARGET_BUILD_DIR}/${FRAMEWORKS_FOLDER_PATH}/SwiftyJSON.framework",
			);
			runOnlyForDeploymentPostprocessing = 0;
			shellPath = /bin/sh;
			shellScript = "\"${SRCROOT}/Pods/Target Support Files/Pods-github-lite/Pods-github-lite-frameworks.sh\"\n";
			showEnvVarsInLog = 0;
		};
		F8D31C85E6C5D8F10993D8E8 /* [CP] Copy Pods Resources */ = {
			isa = PBXShellScriptBuildPhase;
			buildActionMask = 2147483647;
			files = (
			);
			inputPaths = (
			);
			name = "[CP] Copy Pods Resources";
			outputPaths = (
			);
			runOnlyForDeploymentPostprocessing = 0;
			shellPath = /bin/sh;
			shellScript = "\"${SRCROOT}/Pods/Target Support Files/Pods-github-lite/Pods-github-lite-resources.sh\"\n";
			showEnvVarsInLog = 0;
		};
/* End PBXShellScriptBuildPhase section */

/* Begin PBXSourcesBuildPhase section */
		9EC874B61FBDD455007C4D13 /* Sources */ = {
			isa = PBXSourcesBuildPhase;
			buildActionMask = 2147483647;
			files = (
				9EC27A311FBDD9FA00BFAFEE /* GitHubAppManager.swift in Sources */,
				9EE5016D1FBEC36D0065B254 /* MainTabbarViewController.swift in Sources */,
				9E8C1BAC1FBE907E00B11256 /* UserProfileViewController.swift in Sources */,
				9EC27A331FBDDC5E00BFAFEE /* GitHubAuthenicationViewController.swift in Sources */,
				9ED217BD1FECBF5D00FCD849 /* ViewController.swift in Sources */,
				9EE5016F1FBEC6FC0065B254 /* RepositoriesViewController.swift in Sources */,
				9E8C1BAA1FBE8EC500B11256 /* URL+QueryParams.swift in Sources */,
				9EC27A2F1FBDD9E400BFAFEE /* GitHubManager.swift in Sources */,
				9EC874BE1FBDD455007C4D13 /* AppDelegate.swift in Sources */,
				9EC27A361FBDFBF300BFAFEE /* API.swift in Sources */,
				9EE5016B1FBEB4700065B254 /* ApolloManager.swift in Sources */,
			);
			runOnlyForDeploymentPostprocessing = 0;
		};
/* End PBXSourcesBuildPhase section */

/* Begin PBXVariantGroup section */
		9EC874C11FBDD455007C4D13 /* Main.storyboard */ = {
			isa = PBXVariantGroup;
			children = (
				9EC874C21FBDD455007C4D13 /* Base */,
			);
			name = Main.storyboard;
			sourceTree = "<group>";
		};
		9EC874C61FBDD455007C4D13 /* LaunchScreen.storyboard */ = {
			isa = PBXVariantGroup;
			children = (
				9EC874C71FBDD455007C4D13 /* Base */,
			);
			name = LaunchScreen.storyboard;
			sourceTree = "<group>";
		};
/* End PBXVariantGroup section */

/* Begin XCBuildConfiguration section */
		9EC874CA1FBDD455007C4D13 /* Debug */ = {
			isa = XCBuildConfiguration;
			buildSettings = {
				ALWAYS_SEARCH_USER_PATHS = NO;
				CLANG_ANALYZER_NONNULL = YES;
				CLANG_ANALYZER_NUMBER_OBJECT_CONVERSION = YES_AGGRESSIVE;
				CLANG_CXX_LANGUAGE_STANDARD = "gnu++14";
				CLANG_CXX_LIBRARY = "libc++";
				CLANG_ENABLE_MODULES = YES;
				CLANG_ENABLE_OBJC_ARC = YES;
				CLANG_WARN_BLOCK_CAPTURE_AUTORELEASING = YES;
				CLANG_WARN_BOOL_CONVERSION = YES;
				CLANG_WARN_COMMA = YES;
				CLANG_WARN_CONSTANT_CONVERSION = YES;
				CLANG_WARN_DIRECT_OBJC_ISA_USAGE = YES_ERROR;
				CLANG_WARN_DOCUMENTATION_COMMENTS = YES;
				CLANG_WARN_EMPTY_BODY = YES;
				CLANG_WARN_ENUM_CONVERSION = YES;
				CLANG_WARN_INFINITE_RECURSION = YES;
				CLANG_WARN_INT_CONVERSION = YES;
				CLANG_WARN_NON_LITERAL_NULL_CONVERSION = YES;
				CLANG_WARN_OBJC_LITERAL_CONVERSION = YES;
				CLANG_WARN_OBJC_ROOT_CLASS = YES_ERROR;
				CLANG_WARN_RANGE_LOOP_ANALYSIS = YES;
				CLANG_WARN_STRICT_PROTOTYPES = YES;
				CLANG_WARN_SUSPICIOUS_MOVE = YES;
				CLANG_WARN_UNGUARDED_AVAILABILITY = YES_AGGRESSIVE;
				CLANG_WARN_UNREACHABLE_CODE = YES;
				CLANG_WARN__DUPLICATE_METHOD_MATCH = YES;
				CODE_SIGN_IDENTITY = "iPhone Developer";
				COPY_PHASE_STRIP = NO;
				DEBUG_INFORMATION_FORMAT = dwarf;
				ENABLE_STRICT_OBJC_MSGSEND = YES;
				ENABLE_TESTABILITY = YES;
				GCC_C_LANGUAGE_STANDARD = gnu11;
				GCC_DYNAMIC_NO_PIC = NO;
				GCC_NO_COMMON_BLOCKS = YES;
				GCC_OPTIMIZATION_LEVEL = 0;
				GCC_PREPROCESSOR_DEFINITIONS = (
					"DEBUG=1",
					"$(inherited)",
				);
				GCC_WARN_64_TO_32_BIT_CONVERSION = YES;
				GCC_WARN_ABOUT_RETURN_TYPE = YES_ERROR;
				GCC_WARN_UNDECLARED_SELECTOR = YES;
				GCC_WARN_UNINITIALIZED_AUTOS = YES_AGGRESSIVE;
				GCC_WARN_UNUSED_FUNCTION = YES;
				GCC_WARN_UNUSED_VARIABLE = YES;
				IPHONEOS_DEPLOYMENT_TARGET = 11.0;
				MTL_ENABLE_DEBUG_INFO = YES;
				ONLY_ACTIVE_ARCH = YES;
				SDKROOT = iphoneos;
				SWIFT_ACTIVE_COMPILATION_CONDITIONS = DEBUG;
				SWIFT_OPTIMIZATION_LEVEL = "-Onone";
			};
			name = Debug;
		};
		9EC874CB1FBDD455007C4D13 /* Release */ = {
			isa = XCBuildConfiguration;
			buildSettings = {
				ALWAYS_SEARCH_USER_PATHS = NO;
				CLANG_ANALYZER_NONNULL = YES;
				CLANG_ANALYZER_NUMBER_OBJECT_CONVERSION = YES_AGGRESSIVE;
				CLANG_CXX_LANGUAGE_STANDARD = "gnu++14";
				CLANG_CXX_LIBRARY = "libc++";
				CLANG_ENABLE_MODULES = YES;
				CLANG_ENABLE_OBJC_ARC = YES;
				CLANG_WARN_BLOCK_CAPTURE_AUTORELEASING = YES;
				CLANG_WARN_BOOL_CONVERSION = YES;
				CLANG_WARN_COMMA = YES;
				CLANG_WARN_CONSTANT_CONVERSION = YES;
				CLANG_WARN_DIRECT_OBJC_ISA_USAGE = YES_ERROR;
				CLANG_WARN_DOCUMENTATION_COMMENTS = YES;
				CLANG_WARN_EMPTY_BODY = YES;
				CLANG_WARN_ENUM_CONVERSION = YES;
				CLANG_WARN_INFINITE_RECURSION = YES;
				CLANG_WARN_INT_CONVERSION = YES;
				CLANG_WARN_NON_LITERAL_NULL_CONVERSION = YES;
				CLANG_WARN_OBJC_LITERAL_CONVERSION = YES;
				CLANG_WARN_OBJC_ROOT_CLASS = YES_ERROR;
				CLANG_WARN_RANGE_LOOP_ANALYSIS = YES;
				CLANG_WARN_STRICT_PROTOTYPES = YES;
				CLANG_WARN_SUSPICIOUS_MOVE = YES;
				CLANG_WARN_UNGUARDED_AVAILABILITY = YES_AGGRESSIVE;
				CLANG_WARN_UNREACHABLE_CODE = YES;
				CLANG_WARN__DUPLICATE_METHOD_MATCH = YES;
				CODE_SIGN_IDENTITY = "iPhone Developer";
				COPY_PHASE_STRIP = NO;
				DEBUG_INFORMATION_FORMAT = "dwarf-with-dsym";
				ENABLE_NS_ASSERTIONS = NO;
				ENABLE_STRICT_OBJC_MSGSEND = YES;
				GCC_C_LANGUAGE_STANDARD = gnu11;
				GCC_NO_COMMON_BLOCKS = YES;
				GCC_WARN_64_TO_32_BIT_CONVERSION = YES;
				GCC_WARN_ABOUT_RETURN_TYPE = YES_ERROR;
				GCC_WARN_UNDECLARED_SELECTOR = YES;
				GCC_WARN_UNINITIALIZED_AUTOS = YES_AGGRESSIVE;
				GCC_WARN_UNUSED_FUNCTION = YES;
				GCC_WARN_UNUSED_VARIABLE = YES;
				IPHONEOS_DEPLOYMENT_TARGET = 11.0;
				MTL_ENABLE_DEBUG_INFO = NO;
				SDKROOT = iphoneos;
				SWIFT_OPTIMIZATION_LEVEL = "-Owholemodule";
				VALIDATE_PRODUCT = YES;
			};
			name = Release;
		};
		9EC874CD1FBDD455007C4D13 /* Debug */ = {
			isa = XCBuildConfiguration;
			baseConfigurationReference = B35869D1FA1A019769EBD164 /* Pods-github-lite.debug.xcconfig */;
			buildSettings = {
				ASSETCATALOG_COMPILER_APPICON_NAME = AppIcon;
				CODE_SIGN_STYLE = Automatic;
				DEVELOPMENT_TEAM = 9MNXJ5TVF7;
				INFOPLIST_FILE = "github-lite/Info.plist";
				LD_RUNPATH_SEARCH_PATHS = "$(inherited) @executable_path/Frameworks";
				PRODUCT_BUNDLE_IDENTIFIER = "com.nimbl3.github-lite";
				PRODUCT_NAME = "$(TARGET_NAME)";
				SWIFT_VERSION = 4.0;
				TARGETED_DEVICE_FAMILY = "1,2";
			};
			name = Debug;
		};
		9EC874CE1FBDD455007C4D13 /* Release */ = {
			isa = XCBuildConfiguration;
			baseConfigurationReference = 2597E2BF13DFA4B28733E91F /* Pods-github-lite.release.xcconfig */;
			buildSettings = {
				ASSETCATALOG_COMPILER_APPICON_NAME = AppIcon;
				CODE_SIGN_STYLE = Automatic;
				DEVELOPMENT_TEAM = 9MNXJ5TVF7;
				INFOPLIST_FILE = "github-lite/Info.plist";
				LD_RUNPATH_SEARCH_PATHS = "$(inherited) @executable_path/Frameworks";
				PRODUCT_BUNDLE_IDENTIFIER = "com.nimbl3.github-lite";
				PRODUCT_NAME = "$(TARGET_NAME)";
				SWIFT_VERSION = 4.0;
				TARGETED_DEVICE_FAMILY = "1,2";
			};
			name = Release;
		};
/* End XCBuildConfiguration section */

/* Begin XCConfigurationList section */
		9EC874B51FBDD455007C4D13 /* Build configuration list for PBXProject "github-lite" */ = {
			isa = XCConfigurationList;
			buildConfigurations = (
				9EC874CA1FBDD455007C4D13 /* Debug */,
				9EC874CB1FBDD455007C4D13 /* Release */,
			);
			defaultConfigurationIsVisible = 0;
			defaultConfigurationName = Release;
		};
		9EC874CC1FBDD455007C4D13 /* Build configuration list for PBXNativeTarget "github-lite" */ = {
			isa = XCConfigurationList;
			buildConfigurations = (
				9EC874CD1FBDD455007C4D13 /* Debug */,
				9EC874CE1FBDD455007C4D13 /* Release */,
			);
			defaultConfigurationIsVisible = 0;
			defaultConfigurationName = Release;
		};
/* End XCConfigurationList section */
	};
	rootObject = 9EC874B21FBDD455007C4D13 /* Project object */;
}
